
Microsoft Visual Studio Solution File, Format Version 12.00
# Visual Studio Version 17
VisualStudioVersion = 17.5.33530.505
MinimumVisualStudioVersion = 10.0.40219.1
Project("{9A19103F-16F7-4668-BE54-9A1E7A4F7556}") = "AndreturismoApp", "AndreturismoApp\AndreturismoApp.csproj", "{2DC13ACE-C88A-4418-B41B-37B48E8BEE9A}"
EndProject
Project("{9A19103F-16F7-4668-BE54-9A1E7A4F7556}") = "AndreTurismoApp.Models", "AndreTurismoApp.Models\AndreTurismoApp.Models.csproj", "{047D8443-4DEB-4ED8-8F34-90D285C50261}"
EndProject
Project("{9A19103F-16F7-4668-BE54-9A1E7A4F7556}") = "AndreTurismoApp.AddressService", "AndreTurismoApp.AddressService\AndreTurismoApp.AddressService.csproj", "{53004FB7-023C-4AF5-8723-723823C815B0}"
EndProject
Project("{9A19103F-16F7-4668-BE54-9A1E7A4F7556}") = "AndreTurismoApp.Services", "AndreTurismoApp.Services\AndreTurismoApp.Services.csproj", "{C337739D-E72F-49BC-9B0F-7D00EB036481}"
EndProject
Project("{9A19103F-16F7-4668-BE54-9A1E7A4F7556}") = "AndreTurismoApp.CustomerService", "AndreTurismoApp.CustomerService\AndreTurismoApp.CustomerService.csproj", "{FFD7CDBB-1949-4B23-9D6C-2A5EE8C48607}"
EndProject
Project("{9A19103F-16F7-4668-BE54-9A1E7A4F7556}") = "AndreTurismoApp.HotelService", "AndreTurismoApp.HotelService\AndreTurismoApp.HotelService.csproj", "{199AF735-0C12-4D8D-8171-3BA6CF4D7BB7}"
EndProject
Project("{9A19103F-16F7-4668-BE54-9A1E7A4F7556}") = "AndreTurismoApp.TicketService", "AndreTurismoApp.TicketService\AndreTurismoApp.TicketService.csproj", "{D7E1D7A8-0324-47B5-9FD6-FA84C00FDA2A}"
EndProject
Project("{9A19103F-16F7-4668-BE54-9A1E7A4F7556}") = "AndreTurismoApp.PackageService", "AndreTurismoApp.PackageService\AndreTurismoApp.PackageService.csproj", "{77A300A1-1F73-40BE-BA4A-1BECAEC314BE}"
EndProject
Project("{FAE04EC0-301F-11D3-BF4B-00C04F79EFBC}") = "AndreTurismoApp.CityService", "AndreTurismoApp.CityService\AndreTurismoApp.CityService.csproj", "{6069ADD7-ED76-4073-A5FE-78E461E88333}"
EndProject
Global
	GlobalSection(SolutionConfigurationPlatforms) = preSolution
		Debug|Any CPU = Debug|Any CPU
		Release|Any CPU = Release|Any CPU
	EndGlobalSection
	GlobalSection(ProjectConfigurationPlatforms) = postSolution
		{2DC13ACE-C88A-4418-B41B-37B48E8BEE9A}.Debug|Any CPU.ActiveCfg = Debug|Any CPU
		{2DC13ACE-C88A-4418-B41B-37B48E8BEE9A}.Debug|Any CPU.Build.0 = Debug|Any CPU
		{2DC13ACE-C88A-4418-B41B-37B48E8BEE9A}.Release|Any CPU.ActiveCfg = Release|Any CPU
		{2DC13ACE-C88A-4418-B41B-37B48E8BEE9A}.Release|Any CPU.Build.0 = Release|Any CPU
		{047D8443-4DEB-4ED8-8F34-90D285C50261}.Debug|Any CPU.ActiveCfg = Debug|Any CPU
		{047D8443-4DEB-4ED8-8F34-90D285C50261}.Debug|Any CPU.Build.0 = Debug|Any CPU
		{047D8443-4DEB-4ED8-8F34-90D285C50261}.Release|Any CPU.ActiveCfg = Release|Any CPU
		{047D8443-4DEB-4ED8-8F34-90D285C50261}.Release|Any CPU.Build.0 = Release|Any CPU
		{53004FB7-023C-4AF5-8723-723823C815B0}.Debug|Any CPU.ActiveCfg = Debug|Any CPU
		{53004FB7-023C-4AF5-8723-723823C815B0}.Debug|Any CPU.Build.0 = Debug|Any CPU
		{53004FB7-023C-4AF5-8723-723823C815B0}.Release|Any CPU.ActiveCfg = Release|Any CPU
		{53004FB7-023C-4AF5-8723-723823C815B0}.Release|Any CPU.Build.0 = Release|Any CPU
		{C337739D-E72F-49BC-9B0F-7D00EB036481}.Debug|Any CPU.ActiveCfg = Debug|Any CPU
		{C337739D-E72F-49BC-9B0F-7D00EB036481}.Debug|Any CPU.Build.0 = Debug|Any CPU
		{C337739D-E72F-49BC-9B0F-7D00EB036481}.Release|Any CPU.ActiveCfg = Release|Any CPU
		{C337739D-E72F-49BC-9B0F-7D00EB036481}.Release|Any CPU.Build.0 = Release|Any CPU
		{FFD7CDBB-1949-4B23-9D6C-2A5EE8C48607}.Debug|Any CPU.ActiveCfg = Debug|Any CPU
		{FFD7CDBB-1949-4B23-9D6C-2A5EE8C48607}.Debug|Any CPU.Build.0 = Debug|Any CPU
		{FFD7CDBB-1949-4B23-9D6C-2A5EE8C48607}.Release|Any CPU.ActiveCfg = Release|Any CPU
		{FFD7CDBB-1949-4B23-9D6C-2A5EE8C48607}.Release|Any CPU.Build.0 = Release|Any CPU
		{199AF735-0C12-4D8D-8171-3BA6CF4D7BB7}.Debug|Any CPU.ActiveCfg = Debug|Any CPU
		{199AF735-0C12-4D8D-8171-3BA6CF4D7BB7}.Debug|Any CPU.Build.0 = Debug|Any CPU
		{199AF735-0C12-4D8D-8171-3BA6CF4D7BB7}.Release|Any CPU.ActiveCfg = Release|Any CPU
		{199AF735-0C12-4D8D-8171-3BA6CF4D7BB7}.Release|Any CPU.Build.0 = Release|Any CPU
		{D7E1D7A8-0324-47B5-9FD6-FA84C00FDA2A}.Debug|Any CPU.ActiveCfg = Debug|Any CPU
		{D7E1D7A8-0324-47B5-9FD6-FA84C00FDA2A}.Debug|Any CPU.Build.0 = Debug|Any CPU
		{D7E1D7A8-0324-47B5-9FD6-FA84C00FDA2A}.Release|Any CPU.ActiveCfg = Release|Any CPU
		{D7E1D7A8-0324-47B5-9FD6-FA84C00FDA2A}.Release|Any CPU.Build.0 = Release|Any CPU
		{77A300A1-1F73-40BE-BA4A-1BECAEC314BE}.Debug|Any CPU.ActiveCfg = Debug|Any CPU
		{77A300A1-1F73-40BE-BA4A-1BECAEC314BE}.Debug|Any CPU.Build.0 = Debug|Any CPU
		{77A300A1-1F73-40BE-BA4A-1BECAEC314BE}.Release|Any CPU.ActiveCfg = Release|Any CPU
		{77A300A1-1F73-40BE-BA4A-1BECAEC314BE}.Release|Any CPU.Build.0 = Release|Any CPU
		{6069ADD7-ED76-4073-A5FE-78E461E88333}.Debug|Any CPU.ActiveCfg = Debug|Any CPU
		{6069ADD7-ED76-4073-A5FE-78E461E88333}.Debug|Any CPU.Build.0 = Debug|Any CPU
		{6069ADD7-ED76-4073-A5FE-78E461E88333}.Release|Any CPU.ActiveCfg = Release|Any CPU
		{6069ADD7-ED76-4073-A5FE-78E461E88333}.Release|Any CPU.Build.0 = Release|Any CPU
	EndGlobalSection
	GlobalSection(SolutionProperties) = preSolution
		HideSolutionNode = FALSE
	EndGlobalSection
	GlobalSection(ExtensibilityGlobals) = postSolution
		SolutionGuid = {4415C798-1B51-4D66-A143-2F471D65B0BE}
	EndGlobalSection
EndGlobal
